github.com/davecgh/go-spew v1.1.1 h1:vj9j/u1bqnvCEfJOwUhtlOARqs3+rkHYY13jYWTU97c=
github.com/davecgh/go-spew v1.1.1/go.mod h1:J7Y8YcW2NihsgmVo/mv3lAwl/skON4iLHjSsI+c5H38=
github.com/pierrre/compare v1.1.0 h1:57z388tk9GXcyLnLXh1pMRdCQrfUH056x9dyNCCZZtg=
github.com/pierrre/compare v1.1.0/go.mod h1:M3rK2sFL0CVhG43y3CWCmHBvBzhQ+vLGCKGuioJnokc=
