github.com/pierrre/assert v0.4.0 h1:kixQ84lsA49o8FVMT8LUqLl3qUvBXkS0umgPFTL6TvA=
github.com/pierrre/assert v0.4.0/go.mod h1:0Q/jSXoPAjVZh11BO0g6tQuF+Y88JDAAWMnhHUFl4Yc=
github.com/pierrre/compare v1.4.6 h1:JjGjO9r82dT3K/Zzaqgzdwo/rKFv04Jpb97AAU0wW1M=
github.com/pierrre/compare v1.4.6/go.mod h1:uwIp5+8pGOhaHKnzM2rI2A/hiAbTaE0tkiD/G2iHNWM=
github.com/pierrre/pretty v0.1.0 h1:5EvjYLt2hozwtK0Jvf75IiMcRtTeJndrCEya45ECohU=
github.com/pierrre/pretty v0.1.0/go.mod h1:XooZYBjVb9c1X8AciChQ6gnl2iMnIwaLAPkQbMfi7nQ=
